
Microsoft Visual Studio Solution File, Format Version 12.00
# Visual Studio Version 17
VisualStudioVersion = 17.5.33209.295
MinimumVisualStudioVersion = 10.0.40219.1
Project("{FAE04EC0-301F-11D3-BF4B-00C04F79EFBC}") = "Producer", "Producer\Producer.csproj", "{997BA8A3-03F8-4049-B3B6-2A19A4A932D8}"
EndProject
Project("{FAE04EC0-301F-11D3-BF4B-00C04F79EFBC}") = "Consumer", "Consumer\Consumer.csproj", "{53BC6447-4908-4CE1-989C-4B10C78046F5}"
EndProject
Global
	GlobalSection(SolutionConfigurationPlatforms) = preSolution
		Debug|Any CPU = Debug|Any CPU
		Release|Any CPU = Release|Any CPU
	EndGlobalSection
	GlobalSection(ProjectConfigurationPlatforms) = postSolution
		{997BA8A3-03F8-4049-B3B6-2A19A4A932D8}.Debug|Any CPU.ActiveCfg = Debug|Any CPU
		{997BA8A3-03F8-4049-B3B6-2A19A4A932D8}.Debug|Any CPU.Build.0 = Debug|Any CPU
		{997BA8A3-03F8-4049-B3B6-2A19A4A932D8}.Release|Any CPU.ActiveCfg = Release|Any CPU
		{997BA8A3-03F8-4049-B3B6-2A19A4A932D8}.Release|Any CPU.Build.0 = Release|Any CPU
		{53BC6447-4908-4CE1-989C-4B10C78046F5}.Debug|Any CPU.ActiveCfg = Debug|Any CPU
		{53BC6447-4908-4CE1-989C-4B10C78046F5}.Debug|Any CPU.Build.0 = Debug|Any CPU
		{53BC6447-4908-4CE1-989C-4B10C78046F5}.Release|Any CPU.ActiveCfg = Release|Any CPU
		{53BC6447-4908-4CE1-989C-4B10C78046F5}.Release|Any CPU.Build.0 = Release|Any CPU
	EndGlobalSection
	GlobalSection(SolutionProperties) = preSolution
		HideSolutionNode = FALSE
	EndGlobalSection
	GlobalSection(ExtensibilityGlobals) = postSolution
		SolutionGuid = {C3ABEAAF-AC5A-4909-9DEF-FC678FD5EFDD}
	EndGlobalSection
EndGlobal
